
Microsoft Visual Studio Solution File, Format Version 12.00
# Visual Studio 14
VisualStudioVersion = 14.0.25420.1
MinimumVisualStudioVersion = 10.0.40219.1
Project("{2150E333-8FDC-42A3-9474-1A3956D46DE8}") = "cTrader", "cTrader", "{CB01A035-3358-4C0E-8833-E8BDEF2EC48E}"
EndProject
Project("{2150E333-8FDC-42A3-9474-1A3956D46DE8}") = "Feeds", "Feeds", "{116C348D-1E46-4F93-9CF4-81972FCE755A}"
EndProject
Project("{2150E333-8FDC-42A3-9474-1A3956D46DE8}") = "Solution Items", "Solution Items", "{4A0A0384-64B8-44C8-8A15-DBD43AF03FF8}"
	ProjectSection(SolutionItems) = preProject
		global.json = global.json
	EndProjectSection
EndProject
Project("{8BB2217D-0F2D-49D1-97BC-3654ED321F3B}") = "LionFire.Trading.Feeds.TrueFx", "src\LionFire.Trading.Feeds.TrueFx\LionFire.Trading.Feeds.TrueFx.xproj", "{879DB26F-6531-4334-AE2D-4DA76590799B}"
EndProject
Project("{8BB2217D-0F2D-49D1-97BC-3654ED321F3B}") = "LionFire.Trading", "src\LionFire.Trading\LionFire.Trading.xproj", "{BB75938C-7CAC-49DE-AEBA-502E6340F92B}"
EndProject
Project("{FAE04EC0-301F-11D3-BF4B-00C04F79EFBC}") = "LionFire.Trading.QuickFix.ConsoleTest", "src\LionFire.Trading.QuickFix.ConsoleTest\LionFire.Trading.QuickFix.ConsoleTest.csproj", "{60BB1B04-129C-4F0D-B616-BF2550DAA22A}"
EndProject
Project("{8BB2217D-0F2D-49D1-97BC-3654ED321F3B}") = "LionFire.Trading.Agent", "src\LionFire.Trading.Agent\LionFire.Trading.Agent.xproj", "{5A97A46D-63D0-441A-A3D6-9CB00DD60B0C}"
EndProject
Project("{FAE04EC0-301F-11D3-BF4B-00C04F79EFBC}") = "LionFire.Trading.Agent.FrameworkProgram", "src\LionFire.Trading.Agent.FrameworkProgram\LionFire.Trading.Agent.FrameworkProgram.csproj", "{19C37A32-5907-46D3-B105-EABB538445B8}"
EndProject
Project("{8BB2217D-0F2D-49D1-97BC-3654ED321F3B}") = "LionFire.Trading.Agent.Program", "srcx\LionFire.Trading.Agent.Program\LionFire.Trading.Agent.Program.xproj", "{4309CD1C-53BD-49E1-A04F-C94FE30C7B34}"
EndProject
Global
	GlobalSection(SolutionConfigurationPlatforms) = preSolution
		Debug|Any CPU = Debug|Any CPU
		Release|Any CPU = Release|Any CPU
	EndGlobalSection
	GlobalSection(ProjectConfigurationPlatforms) = postSolution
		{879DB26F-6531-4334-AE2D-4DA76590799B}.Debug|Any CPU.ActiveCfg = Debug|Any CPU
		{879DB26F-6531-4334-AE2D-4DA76590799B}.Debug|Any CPU.Build.0 = Debug|Any CPU
		{879DB26F-6531-4334-AE2D-4DA76590799B}.Release|Any CPU.ActiveCfg = Release|Any CPU
		{879DB26F-6531-4334-AE2D-4DA76590799B}.Release|Any CPU.Build.0 = Release|Any CPU
		{BB75938C-7CAC-49DE-AEBA-502E6340F92B}.Debug|Any CPU.ActiveCfg = Debug|Any CPU
		{BB75938C-7CAC-49DE-AEBA-502E6340F92B}.Debug|Any CPU.Build.0 = Debug|Any CPU
		{BB75938C-7CAC-49DE-AEBA-502E6340F92B}.Release|Any CPU.ActiveCfg = Release|Any CPU
		{BB75938C-7CAC-49DE-AEBA-502E6340F92B}.Release|Any CPU.Build.0 = Release|Any CPU
		{60BB1B04-129C-4F0D-B616-BF2550DAA22A}.Debug|Any CPU.ActiveCfg = Debug|Any CPU
		{60BB1B04-129C-4F0D-B616-BF2550DAA22A}.Debug|Any CPU.Build.0 = Debug|Any CPU
		{60BB1B04-129C-4F0D-B616-BF2550DAA22A}.Release|Any CPU.ActiveCfg = Release|Any CPU
		{60BB1B04-129C-4F0D-B616-BF2550DAA22A}.Release|Any CPU.Build.0 = Release|Any CPU
		{5A97A46D-63D0-441A-A3D6-9CB00DD60B0C}.Debug|Any CPU.ActiveCfg = Debug|Any CPU
		{5A97A46D-63D0-441A-A3D6-9CB00DD60B0C}.Debug|Any CPU.Build.0 = Debug|Any CPU
		{5A97A46D-63D0-441A-A3D6-9CB00DD60B0C}.Release|Any CPU.ActiveCfg = Release|Any CPU
		{5A97A46D-63D0-441A-A3D6-9CB00DD60B0C}.Release|Any CPU.Build.0 = Release|Any CPU
		{19C37A32-5907-46D3-B105-EABB538445B8}.Debug|Any CPU.ActiveCfg = Debug|Any CPU
		{19C37A32-5907-46D3-B105-EABB538445B8}.Debug|Any CPU.Build.0 = Debug|Any CPU
		{19C37A32-5907-46D3-B105-EABB538445B8}.Release|Any CPU.ActiveCfg = Release|Any CPU
		{19C37A32-5907-46D3-B105-EABB538445B8}.Release|Any CPU.Build.0 = Release|Any CPU
		{4309CD1C-53BD-49E1-A04F-C94FE30C7B34}.Debug|Any CPU.ActiveCfg = Debug|Any CPU
		{4309CD1C-53BD-49E1-A04F-C94FE30C7B34}.Debug|Any CPU.Build.0 = Debug|Any CPU
		{4309CD1C-53BD-49E1-A04F-C94FE30C7B34}.Release|Any CPU.ActiveCfg = Release|Any CPU
		{4309CD1C-53BD-49E1-A04F-C94FE30C7B34}.Release|Any CPU.Build.0 = Release|Any CPU
	EndGlobalSection
	GlobalSection(SolutionProperties) = preSolution
		HideSolutionNode = FALSE
	EndGlobalSection
	GlobalSection(NestedProjects) = preSolution
		{879DB26F-6531-4334-AE2D-4DA76590799B} = {116C348D-1E46-4F93-9CF4-81972FCE755A}
	EndGlobalSection
EndGlobal
